
Microsoft Visual Studio Solution File, Format Version 11.00
# Visual Studio 2010
Project("{8BC9CEB8-8B4A-11D0-8D11-00A0C91BC942}") = "Homework10", "Homework10.vcxproj", "{BD929B90-3205-4CE9-AE35-28E2299C1B84}"
EndProject
Global
	GlobalSection(SolutionConfigurationPlatforms) = preSolution
		Debug|Win32 = Debug|Win32
		Release|Win32 = Release|Win32
	EndGlobalSection
	GlobalSection(ProjectConfigurationPlatforms) = postSolution
		{BD929B90-3205-4CE9-AE35-28E2299C1B84}.Debug|Win32.ActiveCfg = Debug|Win32
		{BD929B90-3205-4CE9-AE35-28E2299C1B84}.Debug|Win32.Build.0 = Debug|Win32
		{BD929B90-3205-4CE9-AE35-28E2299C1B84}.Release|Win32.ActiveCfg = Release|Win32
		{BD929B90-3205-4CE9-AE35-28E2299C1B84}.Release|Win32.Build.0 = Release|Win32
	EndGlobalSection
	GlobalSection(SolutionProperties) = preSolution
		HideSolutionNode = FALSE
	EndGlobalSection
EndGlobal
